
Microsoft Visual Studio Solution File, Format Version 12.00
# Visual Studio Version 17
VisualStudioVersion = 17.0.32014.148
MinimumVisualStudioVersion = 10.0.40219.1
Project("{FAE04EC0-301F-11D3-BF4B-00C04F79EFBC}") = "atividade_4", "atividade_4\atividade_4.csproj", "{09644F2A-0D06-467F-B5B3-A732C9C1981B}"
EndProject
Global
	GlobalSection(SolutionConfigurationPlatforms) = preSolution
		Debug|Any CPU = Debug|Any CPU
		Release|Any CPU = Release|Any CPU
	EndGlobalSection
	GlobalSection(ProjectConfigurationPlatforms) = postSolution
		{09644F2A-0D06-467F-B5B3-A732C9C1981B}.Debug|Any CPU.ActiveCfg = Debug|Any CPU
		{09644F2A-0D06-467F-B5B3-A732C9C1981B}.Debug|Any CPU.Build.0 = Debug|Any CPU
		{09644F2A-0D06-467F-B5B3-A732C9C1981B}.Release|Any CPU.ActiveCfg = Release|Any CPU
		{09644F2A-0D06-467F-B5B3-A732C9C1981B}.Release|Any CPU.Build.0 = Release|Any CPU
	EndGlobalSection
	GlobalSection(SolutionProperties) = preSolution
		HideSolutionNode = FALSE
	EndGlobalSection
	GlobalSection(ExtensibilityGlobals) = postSolution
		SolutionGuid = {DDEE5633-7BF4-4680-A175-5CC9004D9EA1}
	EndGlobalSection
EndGlobal
