
Microsoft Visual Studio Solution File, Format Version 12.00
# Visual Studio Version 17
VisualStudioVersion = 17.5.33414.496
MinimumVisualStudioVersion = 10.0.40219.1
Project("{FAE04EC0-301F-11D3-BF4B-00C04F79EFBC}") = "vetor_basico", "vetor_basico\vetor_basico.csproj", "{B1AF1157-4BD7-460C-B0CB-D2F9B0C8F932}"
EndProject
Global
	GlobalSection(SolutionConfigurationPlatforms) = preSolution
		Debug|Any CPU = Debug|Any CPU
		Release|Any CPU = Release|Any CPU
	EndGlobalSection
	GlobalSection(ProjectConfigurationPlatforms) = postSolution
		{B1AF1157-4BD7-460C-B0CB-D2F9B0C8F932}.Debug|Any CPU.ActiveCfg = Debug|Any CPU
		{B1AF1157-4BD7-460C-B0CB-D2F9B0C8F932}.Debug|Any CPU.Build.0 = Debug|Any CPU
		{B1AF1157-4BD7-460C-B0CB-D2F9B0C8F932}.Release|Any CPU.ActiveCfg = Release|Any CPU
		{B1AF1157-4BD7-460C-B0CB-D2F9B0C8F932}.Release|Any CPU.Build.0 = Release|Any CPU
	EndGlobalSection
	GlobalSection(SolutionProperties) = preSolution
		HideSolutionNode = FALSE
	EndGlobalSection
	GlobalSection(ExtensibilityGlobals) = postSolution
		SolutionGuid = {2000721E-4D57-4B18-B110-A23DEAED2534}
	EndGlobalSection
EndGlobal
